// !$*UTF8*$!
{
	archiveVersion = 1;
	classes = {
	};
	objectVersion = 77;
	objects = {

/* Begin PBXContainerItemProxy section */
		6FD3FF9D2D063CCF00630CAD /* PBXContainerItemProxy */ = {
			isa = PBXContainerItemProxy;
			containerPortal = 6FD3FF842D063CCE00630CAD /* Project object */;
			proxyType = 1;
			remoteGlobalIDString = 6FD3FF8B2D063CCE00630CAD;
			remoteInfo = unit37;
		};
		6FD3FFA72D063CCF00630CAD /* PBXContainerItemProxy */ = {
			isa = PBXContainerItemProxy;
			containerPortal = 6FD3FF842D063CCE00630CAD /* Project object */;
			proxyType = 1;
			remoteGlobalIDString = 6FD3FF8B2D063CCE00630CAD;
			remoteInfo = unit37;
		};
/* End PBXContainerItemProxy section */

/* Begin PBXFileReference section */
		6FD3FF8C2D063CCE00630CAD /* unit37.app */ = {isa = PBXFileReference; explicitFileType = wrapper.application; includeInIndex = 0; path = unit37.app; sourceTree = BUILT_PRODUCTS_DIR; };
		6FD3FF9C2D063CCF00630CAD /* unit37Tests.xctest */ = {isa = PBXFileReference; explicitFileType = wrapper.cfbundle; includeInIndex = 0; path = unit37Tests.xctest; sourceTree = BUILT_PRODUCTS_DIR; };
		6FD3FFA62D063CCF00630CAD /* unit37UITests.xctest */ = {isa = PBXFileReference; explicitFileType = wrapper.cfbundle; includeInIndex = 0; path = unit37UITests.xctest; sourceTree = BUILT_PRODUCTS_DIR; };
/* End PBXFileReference section */

/* Begin PBXFileSystemSynchronizedRootGroup section */
		6FD3FF8E2D063CCE00630CAD /* unit37 */ = {
			isa = PBXFileSystemSynchronizedRootGroup;
			path = unit37;
			sourceTree = "<group>";
		};
		6FD3FF9F2D063CCF00630CAD /* unit37Tests */ = {
			isa = PBXFileSystemSynchronizedRootGroup;
			path = unit37Tests;
			sourceTree = "<group>";
		};
		6FD3FFA92D063CCF00630CAD /* unit37UITests */ = {
			isa = PBXFileSystemSynchronizedRootGroup;
			path = unit37UITests;
			sourceTree = "<group>";
		};
/* End PBXFileSystemSynchronizedRootGroup section */

/* Begin PBXFrameworksBuildPhase section */
		6FD3FF892D063CCE00630CAD /* Frameworks */ = {
			isa = PBXFrameworksBuildPhase;
			buildActionMask = 2147483647;
			files = (
			);
			runOnlyForDeploymentPostprocessing = 0;
		};
		6FD3FF992D063CCF00630CAD /* Frameworks */ = {
			isa = PBXFrameworksBuildPhase;
			buildActionMask = 2147483647;
			files = (
			);
			runOnlyForDeploymentPostprocessing = 0;
		};
		6FD3FFA32D063CCF00630CAD /* Frameworks */ = {
			isa = PBXFrameworksBuildPhase;
			buildActionMask = 2147483647;
			files = (
			);
			runOnlyForDeploymentPostprocessing = 0;
		};
/* End PBXFrameworksBuildPhase section */

/* Begin PBXGroup section */
		6FD3FF832D063CCE00630CAD = {
			isa = PBXGroup;
			children = (
				6FD3FF8E2D063CCE00630CAD /* unit37 */,
				6FD3FF9F2D063CCF00630CAD /* unit37Tests */,
				6FD3FFA92D063CCF00630CAD /* unit37UITests */,
				6FD3FF8D2D063CCE00630CAD /* Products */,
			);
			sourceTree = "<group>";
		};
		6FD3FF8D2D063CCE00630CAD /* Products */ = {
			isa = PBXGroup;
			children = (
				6FD3FF8C2D063CCE00630CAD /* unit37.app */,
				6FD3FF9C2D063CCF00630CAD /* unit37Tests.xctest */,
				6FD3FFA62D063CCF00630CAD /* unit37UITests.xctest */,
			);
			name = Products;
			sourceTree = "<group>";
		};
/* End PBXGroup section */

/* Begin PBXNativeTarget section */
		6FD3FF8B2D063CCE00630CAD /* unit37 */ = {
			isa = PBXNativeTarget;
			buildConfigurationList = 6FD3FFB02D063CCF00630CAD /* Build configuration list for PBXNativeTarget "unit37" */;
			buildPhases = (
				6FD3FF882D063CCE00630CAD /* Sources */,
				6FD3FF892D063CCE00630CAD /* Frameworks */,
				6FD3FF8A2D063CCE00630CAD /* Resources */,
			);
			buildRules = (
			);
			dependencies = (
			);
			fileSystemSynchronizedGroups = (
				6FD3FF8E2D063CCE00630CAD /* unit37 */,
			);
			name = unit37;
			packageProductDependencies = (
			);
			productName = unit37;
			productReference = 6FD3FF8C2D063CCE00630CAD /* unit37.app */;
			productType = "com.apple.product-type.application";
		};
		6FD3FF9B2D063CCF00630CAD /* unit37Tests */ = {
			isa = PBXNativeTarget;
			buildConfigurationList = 6FD3FFB32D063CCF00630CAD /* Build configuration list for PBXNativeTarget "unit37Tests" */;
			buildPhases = (
				6FD3FF982D063CCF00630CAD /* Sources */,
				6FD3FF992D063CCF00630CAD /* Frameworks */,
				6FD3FF9A2D063CCF00630CAD /* Resources */,
			);
			buildRules = (
			);
			dependencies = (
				6FD3FF9E2D063CCF00630CAD /* PBXTargetDependency */,
			);
			fileSystemSynchronizedGroups = (
				6FD3FF9F2D063CCF00630CAD /* unit37Tests */,
			);
			name = unit37Tests;
			packageProductDependencies = (
			);
			productName = unit37Tests;
			productReference = 6FD3FF9C2D063CCF00630CAD /* unit37Tests.xctest */;
			productType = "com.apple.product-type.bundle.unit-test";
		};
		6FD3FFA52D063CCF00630CAD /* unit37UITests */ = {
			isa = PBXNativeTarget;
			buildConfigurationList = 6FD3FFB62D063CCF00630CAD /* Build configuration list for PBXNativeTarget "unit37UITests" */;
			buildPhases = (
				6FD3FFA22D063CCF00630CAD /* Sources */,
				6FD3FFA32D063CCF00630CAD /* Frameworks */,
				6FD3FFA42D063CCF00630CAD /* Resources */,
			);
			buildRules = (
			);
			dependencies = (
				6FD3FFA82D063CCF00630CAD /* PBXTargetDependency */,
			);
			fileSystemSynchronizedGroups = (
				6FD3FFA92D063CCF00630CAD /* unit37UITests */,
			);
			name = unit37UITests;
			packageProductDependencies = (
			);
			productName = unit37UITests;
			productReference = 6FD3FFA62D063CCF00630CAD /* unit37UITests.xctest */;
			productType = "com.apple.product-type.bundle.ui-testing";
		};
/* End PBXNativeTarget section */

/* Begin PBXProject section */
		6FD3FF842D063CCE00630CAD /* Project object */ = {
			isa = PBXProject;
			attributes = {
				BuildIndependentTargetsInParallel = 1;
				LastSwiftUpdateCheck = 1610;
				LastUpgradeCheck = 1610;
				TargetAttributes = {
					6FD3FF8B2D063CCE00630CAD = {
						CreatedOnToolsVersion = 16.1;
					};
					6FD3FF9B2D063CCF00630CAD = {
						CreatedOnToolsVersion = 16.1;
						TestTargetID = 6FD3FF8B2D063CCE00630CAD;
					};
					6FD3FFA52D063CCF00630CAD = {
						CreatedOnToolsVersion = 16.1;
						TestTargetID = 6FD3FF8B2D063CCE00630CAD;
					};
				};
			};
			buildConfigurationList = 6FD3FF872D063CCE00630CAD /* Build configuration list for PBXProject "unit37" */;
			developmentRegion = en;
			hasScannedForEncodings = 0;
			knownRegions = (
				en,
				Base,
			);
			mainGroup = 6FD3FF832D063CCE00630CAD;
			minimizedProjectReferenceProxies = 1;
			preferredProjectObjectVersion = 77;
			productRefGroup = 6FD3FF8D2D063CCE00630CAD /* Products */;
			projectDirPath = "";
			projectRoot = "";
			targets = (
				6FD3FF8B2D063CCE00630CAD /* unit37 */,
				6FD3FF9B2D063CCF00630CAD /* unit37Tests */,
				6FD3FFA52D063CCF00630CAD /* unit37UITests */,
			);
		};
/* End PBXProject section */

/* Begin PBXResourcesBuildPhase section */
		6FD3FF8A2D063CCE00630CAD /* Resources */ = {
			isa = PBXResourcesBuildPhase;
			buildActionMask = 2147483647;
			files = (
			);
			runOnlyForDeploymentPostprocessing = 0;
		};
		6FD3FF9A2D063CCF00630CAD /* Resources */ = {
			isa = PBXResourcesBuildPhase;
			buildActionMask = 2147483647;
			files = (
			);
			runOnlyForDeploymentPostprocessing = 0;
		};
		6FD3FFA42D063CCF00630CAD /* Resources */ = {
			isa = PBXResourcesBuildPhase;
			buildActionMask = 2147483647;
			files = (
			);
			runOnlyForDeploymentPostprocessing = 0;
		};
/* End PBXResourcesBuildPhase section */

/* Begin PBXSourcesBuildPhase section */
		6FD3FF882D063CCE00630CAD /* Sources */ = {
			isa = PBXSourcesBuildPhase;
			buildActionMask = 2147483647;
			files = (
			);
			runOnlyForDeploymentPostprocessing = 0;
		};
		6FD3FF982D063CCF00630CAD /* Sources */ = {
			isa = PBXSourcesBuildPhase;
			buildActionMask = 2147483647;
			files = (
			);
			runOnlyForDeploymentPostprocessing = 0;
		};
		6FD3FFA22D063CCF00630CAD /* Sources */ = {
			isa = PBXSourcesBuildPhase;
			buildActionMask = 2147483647;
			files = (
			);
			runOnlyForDeploymentPostprocessing = 0;
		};
/* End PBXSourcesBuildPhase section */

/* Begin PBXTargetDependency section */
		6FD3FF9E2D063CCF00630CAD /* PBXTargetDependency */ = {
			isa = PBXTargetDependency;
			target = 6FD3FF8B2D063CCE00630CAD /* unit37 */;
			targetProxy = 6FD3FF9D2D063CCF00630CAD /* PBXContainerItemProxy */;
		};
		6FD3FFA82D063CCF00630CAD /* PBXTargetDependency */ = {
			isa = PBXTargetDependency;
			target = 6FD3FF8B2D063CCE00630CAD /* unit37 */;
			targetProxy = 6FD3FFA72D063CCF00630CAD /* PBXContainerItemProxy */;
		};
/* End PBXTargetDependency section */

/* Begin XCBuildConfiguration section */
		6FD3FFAE2D063CCF00630CAD /* Debug */ = {
			isa = XCBuildConfiguration;
			buildSettings = {
				ALWAYS_SEARCH_USER_PATHS = NO;
				ASSETCATALOG_COMPILER_GENERATE_SWIFT_ASSET_SYMBOL_EXTENSIONS = YES;
				CLANG_ANALYZER_NONNULL = YES;
				CLANG_ANALYZER_NUMBER_OBJECT_CONVERSION = YES_AGGRESSIVE;
				CLANG_CXX_LANGUAGE_STANDARD = "gnu++20";
				CLANG_ENABLE_MODULES = YES;
				CLANG_ENABLE_OBJC_ARC = YES;
				CLANG_ENABLE_OBJC_WEAK = YES;
				CLANG_WARN_BLOCK_CAPTURE_AUTORELEASING = YES;
				CLANG_WARN_BOOL_CONVERSION = YES;
				CLANG_WARN_COMMA = YES;
				CLANG_WARN_CONSTANT_CONVERSION = YES;
				CLANG_WARN_DEPRECATED_OBJC_IMPLEMENTATIONS = YES;
				CLANG_WARN_DIRECT_OBJC_ISA_USAGE = YES_ERROR;
				CLANG_WARN_DOCUMENTATION_COMMENTS = YES;
				CLANG_WARN_EMPTY_BODY = YES;
				CLANG_WARN_ENUM_CONVERSION = YES;
				CLANG_WARN_INFINITE_RECURSION = YES;
				CLANG_WARN_INT_CONVERSION = YES;
				CLANG_WARN_NON_LITERAL_NULL_CONVERSION = YES;
				CLANG_WARN_OBJC_IMPLICIT_RETAIN_SELF = YES;
				CLANG_WARN_OBJC_LITERAL_CONVERSION = YES;
				CLANG_WARN_OBJC_ROOT_CLASS = YES_ERROR;
				CLANG_WARN_QUOTED_INCLUDE_IN_FRAMEWORK_HEADER = YES;
				CLANG_WARN_RANGE_LOOP_ANALYSIS = YES;
				CLANG_WARN_STRICT_PROTOTYPES = YES;
				CLANG_WARN_SUSPICIOUS_MOVE = YES;
				CLANG_WARN_UNGUARDED_AVAILABILITY = YES_AGGRESSIVE;
				CLANG_WARN_UNREACHABLE_CODE = YES;
				CLANG_WARN__DUPLICATE_METHOD_MATCH = YES;
				COPY_PHASE_STRIP = NO;
				DEBUG_INFORMATION_FORMAT = dwarf;
				ENABLE_STRICT_OBJC_MSGSEND = YES;
				ENABLE_TESTABILITY = YES;
				ENABLE_USER_SCRIPT_SANDBOXING = YES;
				GCC_C_LANGUAGE_STANDARD = gnu17;
				GCC_DYNAMIC_NO_PIC = NO;
				GCC_NO_COMMON_BLOCKS = YES;
				GCC_OPTIMIZATION_LEVEL = 0;
				GCC_PREPROCESSOR_DEFINITIONS = (
					"DEBUG=1",
					"$(inherited)",
				);
				GCC_WARN_64_TO_32_BIT_CONVERSION = YES;
				GCC_WARN_ABOUT_RETURN_TYPE = YES_ERROR;
				GCC_WARN_UNDECLARED_SELECTOR = YES;
				GCC_WARN_UNINITIALIZED_AUTOS = YES_AGGRESSIVE;
				GCC_WARN_UNUSED_FUNCTION = YES;
				GCC_WARN_UNUSED_VARIABLE = YES;
				IPHONEOS_DEPLOYMENT_TARGET = 18.1;
				LOCALIZATION_PREFERS_STRING_CATALOGS = YES;
				MTL_ENABLE_DEBUG_INFO = INCLUDE_SOURCE;
				MTL_FAST_MATH = YES;
				ONLY_ACTIVE_ARCH = YES;
				SDKROOT = iphoneos;
				SWIFT_ACTIVE_COMPILATION_CONDITIONS = "DEBUG $(inherited)";
				SWIFT_OPTIMIZATION_LEVEL = "-Onone";
			};
			name = Debug;
		};
		6FD3FFAF2D063CCF00630CAD /* Release */ = {
			isa = XCBuildConfiguration;
			buildSettings = {
				ALWAYS_SEARCH_USER_PATHS = NO;
				ASSETCATALOG_COMPILER_GENERATE_SWIFT_ASSET_SYMBOL_EXTENSIONS = YES;
				CLANG_ANALYZER_NONNULL = YES;
				CLANG_ANALYZER_NUMBER_OBJECT_CONVERSION = YES_AGGRESSIVE;
				CLANG_CXX_LANGUAGE_STANDARD = "gnu++20";
				CLANG_ENABLE_MODULES = YES;
				CLANG_ENABLE_OBJC_ARC = YES;
				CLANG_ENABLE_OBJC_WEAK = YES;
				CLANG_WARN_BLOCK_CAPTURE_AUTORELEASING = YES;
				CLANG_WARN_BOOL_CONVERSION = YES;
				CLANG_WARN_COMMA = YES;
				CLANG_WARN_CONSTANT_CONVERSION = YES;
				CLANG_WARN_DEPRECATED_OBJC_IMPLEMENTATIONS = YES;
				CLANG_WARN_DIRECT_OBJC_ISA_USAGE = YES_ERROR;
				CLANG_WARN_DOCUMENTATION_COMMENTS = YES;
				CLANG_WARN_EMPTY_BODY = YES;
				CLANG_WARN_ENUM_CONVERSION = YES;
				CLANG_WARN_INFINITE_RECURSION = YES;
				CLANG_WARN_INT_CONVERSION = YES;
				CLANG_WARN_NON_LITERAL_NULL_CONVERSION = YES;
				CLANG_WARN_OBJC_IMPLICIT_RETAIN_SELF = YES;
				CLANG_WARN_OBJC_LITERAL_CONVERSION = YES;
				CLANG_WARN_OBJC_ROOT_CLASS = YES_ERROR;
				CLANG_WARN_QUOTED_INCLUDE_IN_FRAMEWORK_HEADER = YES;
				CLANG_WARN_RANGE_LOOP_ANALYSIS = YES;
				CLANG_WARN_STRICT_PROTOTYPES = YES;
				CLANG_WARN_SUSPICIOUS_MOVE = YES;
				CLANG_WARN_UNGUARDED_AVAILABILITY = YES_AGGRESSIVE;
				CLANG_WARN_UNREACHABLE_CODE = YES;
				CLANG_WARN__DUPLICATE_METHOD_MATCH = YES;
				COPY_PHASE_STRIP = NO;
				DEBUG_INFORMATION_FORMAT = "dwarf-with-dsym";
				ENABLE_NS_ASSERTIONS = NO;
				ENABLE_STRICT_OBJC_MSGSEND = YES;
				ENABLE_USER_SCRIPT_SANDBOXING = YES;
				GCC_C_LANGUAGE_STANDARD = gnu17;
				GCC_NO_COMMON_BLOCKS = YES;
				GCC_WARN_64_TO_32_BIT_CONVERSION = YES;
				GCC_WARN_ABOUT_RETURN_TYPE = YES_ERROR;
				GCC_WARN_UNDECLARED_SELECTOR = YES;
				GCC_WARN_UNINITIALIZED_AUTOS = YES_AGGRESSIVE;
				GCC_WARN_UNUSED_FUNCTION = YES;
				GCC_WARN_UNUSED_VARIABLE = YES;
				IPHONEOS_DEPLOYMENT_TARGET = 18.1;
				LOCALIZATION_PREFERS_STRING_CATALOGS = YES;
				MTL_ENABLE_DEBUG_INFO = NO;
				MTL_FAST_MATH = YES;
				SDKROOT = iphoneos;
				SWIFT_COMPILATION_MODE = wholemodule;
				VALIDATE_PRODUCT = YES;
			};
			name = Release;
		};
		6FD3FFB12D063CCF00630CAD /* Debug */ = {
			isa = XCBuildConfiguration;
			buildSettings = {
				ASSETCATALOG_COMPILER_APPICON_NAME = AppIcon;
				ASSETCATALOG_COMPILER_GLOBAL_ACCENT_COLOR_NAME = AccentColor;
				CODE_SIGN_STYLE = Automatic;
				CURRENT_PROJECT_VERSION = 1;
				DEVELOPMENT_ASSET_PATHS = "\"unit37/Preview Content\"";
				DEVELOPMENT_TEAM = Y6WT2V8BH4;
				ENABLE_PREVIEWS = YES;
				GENERATE_INFOPLIST_FILE = YES;
				INFOPLIST_KEY_UIApplicationSceneManifest_Generation = YES;
				INFOPLIST_KEY_UIApplicationSupportsIndirectInputEvents = YES;
				INFOPLIST_KEY_UILaunchScreen_Generation = YES;
				INFOPLIST_KEY_UISupportedInterfaceOrientations_iPad = "UIInterfaceOrientationPortrait UIInterfaceOrientationPortraitUpsideDown UIInterfaceOrientationLandscapeLeft UIInterfaceOrientationLandscapeRight";
				INFOPLIST_KEY_UISupportedInterfaceOrientations_iPhone = "UIInterfaceOrientationPortrait UIInterfaceOrientationLandscapeLeft UIInterfaceOrientationLandscapeRight";
				LD_RUNPATH_SEARCH_PATHS = (
					"$(inherited)",
					"@executable_path/Frameworks",
				);
				MARKETING_VERSION = 1.0;
				PRODUCT_BUNDLE_IDENTIFIER = wander.hobbit.unit37;
				PRODUCT_NAME = "$(TARGET_NAME)";
				SWIFT_EMIT_LOC_STRINGS = YES;
				SWIFT_VERSION = 5.0;
				TARGETED_DEVICE_FAMILY = "1,2";
			};
			name = Debug;
		};
		6FD3FFB22D063CCF00630CAD /* Release */ = {
			isa = XCBuildConfiguration;
			buildSettings = {
				ASSETCATALOG_COMPILER_APPICON_NAME = AppIcon;
				ASSETCATALOG_COMPILER_GLOBAL_ACCENT_COLOR_NAME = AccentColor;
				CODE_SIGN_STYLE = Automatic;
				CURRENT_PROJECT_VERSION = 1;
				DEVELOPMENT_ASSET_PATHS = "\"unit37/Preview Content\"";
				DEVELOPMENT_TEAM = Y6WT2V8BH4;
				ENABLE_PREVIEWS = YES;
				GENERATE_INFOPLIST_FILE = YES;
				INFOPLIST_KEY_UIApplicationSceneManifest_Generation = YES;
				INFOPLIST_KEY_UIApplicationSupportsIndirectInputEvents = YES;
				INFOPLIST_KEY_UILaunchScreen_Generation = YES;
				INFOPLIST_KEY_UISupportedInterfaceOrientations_iPad = "UIInterfaceOrientationPortrait UIInterfaceOrientationPortraitUpsideDown UIInterfaceOrientationLandscapeLeft UIInterfaceOrientationLandscapeRight";
				INFOPLIST_KEY_UISupportedInterfaceOrientations_iPhone = "UIInterfaceOrientationPortrait UIInterfaceOrientationLandscapeLeft UIInterfaceOrientationLandscapeRight";
				LD_RUNPATH_SEARCH_PATHS = (
					"$(inherited)",
					"@executable_path/Frameworks",
				);
				MARKETING_VERSION = 1.0;
				PRODUCT_BUNDLE_IDENTIFIER = wander.hobbit.unit37;
				PRODUCT_NAME = "$(TARGET_NAME)";
				SWIFT_EMIT_LOC_STRINGS = YES;
				SWIFT_VERSION = 5.0;
				TARGETED_DEVICE_FAMILY = "1,2";
			};
			name = Release;
		};
		6FD3FFB42D063CCF00630CAD /* Debug */ = {
			isa = XCBuildConfiguration;
			buildSettings = {
				BUNDLE_LOADER = "$(TEST_HOST)";
				CODE_SIGN_STYLE = Automatic;
				CURRENT_PROJECT_VERSION = 1;
				DEVELOPMENT_TEAM = Y6WT2V8BH4;
				GENERATE_INFOPLIST_FILE = YES;
				IPHONEOS_DEPLOYMENT_TARGET = 18.1;
				MARKETING_VERSION = 1.0;
				PRODUCT_BUNDLE_IDENTIFIER = wander.hobbit.unit37Tests;
				PRODUCT_NAME = "$(TARGET_NAME)";
				SWIFT_EMIT_LOC_STRINGS = NO;
				SWIFT_VERSION = 5.0;
				TARGETED_DEVICE_FAMILY = "1,2";
				TEST_HOST = "$(BUILT_PRODUCTS_DIR)/unit37.app/$(BUNDLE_EXECUTABLE_FOLDER_PATH)/unit37";
			};
			name = Debug;
		};
		6FD3FFB52D063CCF00630CAD /* Release */ = {
			isa = XCBuildConfiguration;
			buildSettings = {
				BUNDLE_LOADER = "$(TEST_HOST)";
				CODE_SIGN_STYLE = Automatic;
				CURRENT_PROJECT_VERSION = 1;
				DEVELOPMENT_TEAM = Y6WT2V8BH4;
				GENERATE_INFOPLIST_FILE = YES;
				IPHONEOS_DEPLOYMENT_TARGET = 18.1;
				MARKETING_VERSION = 1.0;
				PRODUCT_BUNDLE_IDENTIFIER = wander.hobbit.unit37Tests;
				PRODUCT_NAME = "$(TARGET_NAME)";
				SWIFT_EMIT_LOC_STRINGS = NO;
				SWIFT_VERSION = 5.0;
				TARGETED_DEVICE_FAMILY = "1,2";
				TEST_HOST = "$(BUILT_PRODUCTS_DIR)/unit37.app/$(BUNDLE_EXECUTABLE_FOLDER_PATH)/unit37";
			};
			name = Release;
		};
		6FD3FFB72D063CCF00630CAD /* Debug */ = {
			isa = XCBuildConfiguration;
			buildSettings = {
				CODE_SIGN_STYLE = Automatic;
				CURRENT_PROJECT_VERSION = 1;
				DEVELOPMENT_TEAM = Y6WT2V8BH4;
				GENERATE_INFOPLIST_FILE = YES;
				MARKETING_VERSION = 1.0;
				PRODUCT_BUNDLE_IDENTIFIER = wander.hobbit.unit37UITests;
				PRODUCT_NAME = "$(TARGET_NAME)";
				SWIFT_EMIT_LOC_STRINGS = NO;
				SWIFT_VERSION = 5.0;
				TARGETED_DEVICE_FAMILY = "1,2";
				TEST_TARGET_NAME = unit37;
			};
			name = Debug;
		};
		6FD3FFB82D063CCF00630CAD /* Release */ = {
			isa = XCBuildConfiguration;
			buildSettings = {
				CODE_SIGN_STYLE = Automatic;
				CURRENT_PROJECT_VERSION = 1;
				DEVELOPMENT_TEAM = Y6WT2V8BH4;
				GENERATE_INFOPLIST_FILE = YES;
				MARKETING_VERSION = 1.0;
				PRODUCT_BUNDLE_IDENTIFIER = wander.hobbit.unit37UITests;
				PRODUCT_NAME = "$(TARGET_NAME)";
				SWIFT_EMIT_LOC_STRINGS = NO;
				SWIFT_VERSION = 5.0;
				TARGETED_DEVICE_FAMILY = "1,2";
				TEST_TARGET_NAME = unit37;
			};
			name = Release;
		};
/* End XCBuildConfiguration section */

/* Begin XCConfigurationList section */
		6FD3FF872D063CCE00630CAD /* Build configuration list for PBXProject "unit37" */ = {
			isa = XCConfigurationList;
			buildConfigurations = (
				6FD3FFAE2D063CCF00630CAD /* Debug */,
				6FD3FFAF2D063CCF00630CAD /* Release */,
			);
			defaultConfigurationIsVisible = 0;
			defaultConfigurationName = Release;
		};
		6FD3FFB02D063CCF00630CAD /* Build configuration list for PBXNativeTarget "unit37" */ = {
			isa = XCConfigurationList;
			buildConfigurations = (
				6FD3FFB12D063CCF00630CAD /* Debug */,
				6FD3FFB22D063CCF00630CAD /* Release */,
			);
			defaultConfigurationIsVisible = 0;
			defaultConfigurationName = Release;
		};
		6FD3FFB32D063CCF00630CAD /* Build configuration list for PBXNativeTarget "unit37Tests" */ = {
			isa = XCConfigurationList;
			buildConfigurations = (
				6FD3FFB42D063CCF00630CAD /* Debug */,
				6FD3FFB52D063CCF00630CAD /* Release */,
			);
			defaultConfigurationIsVisible = 0;
			defaultConfigurationName = Release;
		};
		6FD3FFB62D063CCF00630CAD /* Build configuration list for PBXNativeTarget "unit37UITests" */ = {
			isa = XCConfigurationList;
			buildConfigurations = (
				6FD3FFB72D063CCF00630CAD /* Debug */,
				6FD3FFB82D063CCF00630CAD /* Release */,
			);
			defaultConfigurationIsVisible = 0;
			defaultConfigurationName = Release;
		};
/* End XCConfigurationList section */
	};
	rootObject = 6FD3FF842D063CCE00630CAD /* Project object */;
}
